
Microsoft Visual Studio Solution File, Format Version 12.00
Project("{FAE04EC0-301F-11D3-BF4B-00C04F79EFBC}") = "DspBoilerplate", "DspBoilerplate\DspBoilerplate.csproj", "{3FF4416C-B93D-4BAC-B751-16B16B5B6911}"
EndProject
Global
	GlobalSection(SolutionConfigurationPlatforms) = preSolution
		Debug|Any CPU = Debug|Any CPU
		Release|Any CPU = Release|Any CPU
	EndGlobalSection
	GlobalSection(ProjectConfigurationPlatforms) = postSolution
		{3FF4416C-B93D-4BAC-B751-16B16B5B6911}.Debug|Any CPU.ActiveCfg = Debug|Any CPU
		{3FF4416C-B93D-4BAC-B751-16B16B5B6911}.Debug|Any CPU.Build.0 = Debug|Any CPU
		{3FF4416C-B93D-4BAC-B751-16B16B5B6911}.Release|Any CPU.ActiveCfg = Release|Any CPU
		{3FF4416C-B93D-4BAC-B751-16B16B5B6911}.Release|Any CPU.Build.0 = Release|Any CPU
	EndGlobalSection
EndGlobal
